
Microsoft Visual Studio Solution File, Format Version 12.00
# Visual Studio Version 17
VisualStudioVersion = 17.14.36623.8 d17.14
MinimumVisualStudioVersion = 10.0.40219.1
Project("{FAE04EC0-301F-11D3-BF4B-00C04F79EFBC}") = "PoddApp.UI", "PoddApp.UI\PoddApp.UI.csproj", "{5C944F3A-5C54-43A7-B8DF-F9F6E2E0DE34}"
EndProject
Project("{FAE04EC0-301F-11D3-BF4B-00C04F79EFBC}") = "PoddApp.Models", "PoddApp.Models\PoddApp.Models.csproj", "{8232F40F-A94D-4B08-86A6-8142C6600617}"
EndProject
Project("{FAE04EC0-301F-11D3-BF4B-00C04F79EFBC}") = "PoddApp.DataAccessLayer", "PoddApp.DataAcessLayer\PoddApp.DataAccessLayer.csproj", "{D160AEF0-B93A-4AA8-8C9D-52837799E062}"
EndProject
Project("{FAE04EC0-301F-11D3-BF4B-00C04F79EFBC}") = "PoddApp.Services", "PoddApp.Services\PoddApp.Services.csproj", "{8209A1DD-0734-4E9D-AD96-11B75EF059F9}"
EndProject
Project("{FAE04EC0-301F-11D3-BF4B-00C04F79EFBC}") = "PoddApp.BusinessLogic", "PoddApp.BusinessLogic\PoddApp.BusinessLogic.csproj", "{5E3EC01B-38F0-46D9-B187-62A366072225}"
EndProject
Global
	GlobalSection(SolutionConfigurationPlatforms) = preSolution
		Debug|Any CPU = Debug|Any CPU
		Release|Any CPU = Release|Any CPU
	EndGlobalSection
	GlobalSection(ProjectConfigurationPlatforms) = postSolution
		{5C944F3A-5C54-43A7-B8DF-F9F6E2E0DE34}.Debug|Any CPU.ActiveCfg = Debug|Any CPU
		{5C944F3A-5C54-43A7-B8DF-F9F6E2E0DE34}.Debug|Any CPU.Build.0 = Debug|Any CPU
		{5C944F3A-5C54-43A7-B8DF-F9F6E2E0DE34}.Release|Any CPU.ActiveCfg = Release|Any CPU
		{5C944F3A-5C54-43A7-B8DF-F9F6E2E0DE34}.Release|Any CPU.Build.0 = Release|Any CPU
		{8232F40F-A94D-4B08-86A6-8142C6600617}.Debug|Any CPU.ActiveCfg = Debug|Any CPU
		{8232F40F-A94D-4B08-86A6-8142C6600617}.Debug|Any CPU.Build.0 = Debug|Any CPU
		{8232F40F-A94D-4B08-86A6-8142C6600617}.Release|Any CPU.ActiveCfg = Release|Any CPU
		{8232F40F-A94D-4B08-86A6-8142C6600617}.Release|Any CPU.Build.0 = Release|Any CPU
		{D160AEF0-B93A-4AA8-8C9D-52837799E062}.Debug|Any CPU.ActiveCfg = Debug|Any CPU
		{D160AEF0-B93A-4AA8-8C9D-52837799E062}.Debug|Any CPU.Build.0 = Debug|Any CPU
		{D160AEF0-B93A-4AA8-8C9D-52837799E062}.Release|Any CPU.ActiveCfg = Release|Any CPU
		{D160AEF0-B93A-4AA8-8C9D-52837799E062}.Release|Any CPU.Build.0 = Release|Any CPU
		{8209A1DD-0734-4E9D-AD96-11B75EF059F9}.Debug|Any CPU.ActiveCfg = Debug|Any CPU
		{8209A1DD-0734-4E9D-AD96-11B75EF059F9}.Debug|Any CPU.Build.0 = Debug|Any CPU
		{8209A1DD-0734-4E9D-AD96-11B75EF059F9}.Release|Any CPU.ActiveCfg = Release|Any CPU
		{8209A1DD-0734-4E9D-AD96-11B75EF059F9}.Release|Any CPU.Build.0 = Release|Any CPU
		{5E3EC01B-38F0-46D9-B187-62A366072225}.Debug|Any CPU.ActiveCfg = Debug|Any CPU
		{5E3EC01B-38F0-46D9-B187-62A366072225}.Debug|Any CPU.Build.0 = Debug|Any CPU
		{5E3EC01B-38F0-46D9-B187-62A366072225}.Release|Any CPU.ActiveCfg = Release|Any CPU
		{5E3EC01B-38F0-46D9-B187-62A366072225}.Release|Any CPU.Build.0 = Release|Any CPU
	EndGlobalSection
	GlobalSection(SolutionProperties) = preSolution
		HideSolutionNode = FALSE
	EndGlobalSection
	GlobalSection(ExtensibilityGlobals) = postSolution
		SolutionGuid = {13F8D68C-3F35-4FCF-AFEB-717B917967CB}
	EndGlobalSection
EndGlobal
